
Microsoft Visual Studio Solution File, Format Version 12.00
# Visual Studio 15
Project("{FAE04EC0-301F-11D3-BF4B-00C04F79EFBC}") = "Neuron", "Neuron\Neuron.csproj", "{929DADF2-F12D-40C6-800A-F43DB57FF04B}"
EndProject
Project("{FAE04EC0-301F-11D3-BF4B-00C04F79EFBC}") = "Weight", "Weight\Weight.csproj", "{1EEA1251-1B24-440F-8C5F-6EC9C9F5B5F0}"
EndProject
Global
	GlobalSection(SolutionConfigurationPlatforms) = preSolution
		Debug|Any CPU = Debug|Any CPU
		Release|Any CPU = Release|Any CPU
	EndGlobalSection
	GlobalSection(ProjectConfigurationPlatforms) = postSolution
		{929DADF2-F12D-40C6-800A-F43DB57FF04B}.Debug|Any CPU.ActiveCfg = Debug|Any CPU
		{929DADF2-F12D-40C6-800A-F43DB57FF04B}.Debug|Any CPU.Build.0 = Debug|Any CPU
		{929DADF2-F12D-40C6-800A-F43DB57FF04B}.Release|Any CPU.ActiveCfg = Release|Any CPU
		{929DADF2-F12D-40C6-800A-F43DB57FF04B}.Release|Any CPU.Build.0 = Release|Any CPU
		{1EEA1251-1B24-440F-8C5F-6EC9C9F5B5F0}.Debug|Any CPU.ActiveCfg = Debug|Any CPU
		{1EEA1251-1B24-440F-8C5F-6EC9C9F5B5F0}.Debug|Any CPU.Build.0 = Debug|Any CPU
		{1EEA1251-1B24-440F-8C5F-6EC9C9F5B5F0}.Release|Any CPU.ActiveCfg = Release|Any CPU
		{1EEA1251-1B24-440F-8C5F-6EC9C9F5B5F0}.Release|Any CPU.Build.0 = Release|Any CPU
	EndGlobalSection
EndGlobal
